
Microsoft Visual Studio Solution File, Format Version 12.00
# Visual Studio Version 16
VisualStudioVersion = 16.0.31005.135
MinimumVisualStudioVersion = 10.0.40219.1
Project("{FAE04EC0-301F-11D3-BF4B-00C04F79EFBC}") = "Murr.Android", "Murr\Murr.Android\Murr.Android.csproj", "{E2BD069B-220C-47BC-B798-3E2A03E76042}"
EndProject
Project("{FAE04EC0-301F-11D3-BF4B-00C04F79EFBC}") = "Murr.iOS", "Murr\Murr.iOS\Murr.iOS.csproj", "{62DDAA1F-1981-4A9A-B29F-003F35E8B32E}"
EndProject
Project("{FAE04EC0-301F-11D3-BF4B-00C04F79EFBC}") = "Murr", "Murr\Murr\Murr.csproj", "{1765DEA0-C662-4548-AD78-39ABF550BA90}"
EndProject
Global
	GlobalSection(SolutionConfigurationPlatforms) = preSolution
		Debug|Any CPU = Debug|Any CPU
		Debug|iPhone = Debug|iPhone
		Debug|iPhoneSimulator = Debug|iPhoneSimulator
		Release|Any CPU = Release|Any CPU
		Release|iPhone = Release|iPhone
		Release|iPhoneSimulator = Release|iPhoneSimulator
	EndGlobalSection
	GlobalSection(ProjectConfigurationPlatforms) = postSolution
		{E2BD069B-220C-47BC-B798-3E2A03E76042}.Debug|Any CPU.ActiveCfg = Debug|Any CPU
		{E2BD069B-220C-47BC-B798-3E2A03E76042}.Debug|Any CPU.Build.0 = Debug|Any CPU
		{E2BD069B-220C-47BC-B798-3E2A03E76042}.Debug|Any CPU.Deploy.0 = Debug|Any CPU
		{E2BD069B-220C-47BC-B798-3E2A03E76042}.Debug|iPhone.ActiveCfg = Debug|Any CPU
		{E2BD069B-220C-47BC-B798-3E2A03E76042}.Debug|iPhone.Build.0 = Debug|Any CPU
		{E2BD069B-220C-47BC-B798-3E2A03E76042}.Debug|iPhone.Deploy.0 = Debug|Any CPU
		{E2BD069B-220C-47BC-B798-3E2A03E76042}.Debug|iPhoneSimulator.ActiveCfg = Debug|Any CPU
		{E2BD069B-220C-47BC-B798-3E2A03E76042}.Debug|iPhoneSimulator.Build.0 = Debug|Any CPU
		{E2BD069B-220C-47BC-B798-3E2A03E76042}.Debug|iPhoneSimulator.Deploy.0 = Debug|Any CPU
		{E2BD069B-220C-47BC-B798-3E2A03E76042}.Release|Any CPU.ActiveCfg = Release|Any CPU
		{E2BD069B-220C-47BC-B798-3E2A03E76042}.Release|Any CPU.Build.0 = Release|Any CPU
		{E2BD069B-220C-47BC-B798-3E2A03E76042}.Release|Any CPU.Deploy.0 = Release|Any CPU
		{E2BD069B-220C-47BC-B798-3E2A03E76042}.Release|iPhone.ActiveCfg = Release|Any CPU
		{E2BD069B-220C-47BC-B798-3E2A03E76042}.Release|iPhone.Build.0 = Release|Any CPU
		{E2BD069B-220C-47BC-B798-3E2A03E76042}.Release|iPhone.Deploy.0 = Release|Any CPU
		{E2BD069B-220C-47BC-B798-3E2A03E76042}.Release|iPhoneSimulator.ActiveCfg = Release|Any CPU
		{E2BD069B-220C-47BC-B798-3E2A03E76042}.Release|iPhoneSimulator.Build.0 = Release|Any CPU
		{E2BD069B-220C-47BC-B798-3E2A03E76042}.Release|iPhoneSimulator.Deploy.0 = Release|Any CPU
		{62DDAA1F-1981-4A9A-B29F-003F35E8B32E}.Debug|Any CPU.ActiveCfg = Debug|iPhone
		{62DDAA1F-1981-4A9A-B29F-003F35E8B32E}.Debug|Any CPU.Build.0 = Debug|iPhone
		{62DDAA1F-1981-4A9A-B29F-003F35E8B32E}.Debug|Any CPU.Deploy.0 = Debug|iPhone
		{62DDAA1F-1981-4A9A-B29F-003F35E8B32E}.Debug|iPhone.ActiveCfg = Debug|iPhone
		{62DDAA1F-1981-4A9A-B29F-003F35E8B32E}.Debug|iPhone.Build.0 = Debug|iPhone
		{62DDAA1F-1981-4A9A-B29F-003F35E8B32E}.Debug|iPhone.Deploy.0 = Debug|iPhone
		{62DDAA1F-1981-4A9A-B29F-003F35E8B32E}.Debug|iPhoneSimulator.ActiveCfg = Debug|iPhoneSimulator
		{62DDAA1F-1981-4A9A-B29F-003F35E8B32E}.Debug|iPhoneSimulator.Build.0 = Debug|iPhoneSimulator
		{62DDAA1F-1981-4A9A-B29F-003F35E8B32E}.Debug|iPhoneSimulator.Deploy.0 = Debug|iPhoneSimulator
		{62DDAA1F-1981-4A9A-B29F-003F35E8B32E}.Release|Any CPU.ActiveCfg = Release|iPhoneSimulator
		{62DDAA1F-1981-4A9A-B29F-003F35E8B32E}.Release|Any CPU.Build.0 = Release|iPhoneSimulator
		{62DDAA1F-1981-4A9A-B29F-003F35E8B32E}.Release|Any CPU.Deploy.0 = Release|iPhoneSimulator
		{62DDAA1F-1981-4A9A-B29F-003F35E8B32E}.Release|iPhone.ActiveCfg = Release|iPhone
		{62DDAA1F-1981-4A9A-B29F-003F35E8B32E}.Release|iPhone.Build.0 = Release|iPhone
		{62DDAA1F-1981-4A9A-B29F-003F35E8B32E}.Release|iPhone.Deploy.0 = Release|iPhone
		{62DDAA1F-1981-4A9A-B29F-003F35E8B32E}.Release|iPhoneSimulator.ActiveCfg = Release|iPhoneSimulator
		{62DDAA1F-1981-4A9A-B29F-003F35E8B32E}.Release|iPhoneSimulator.Build.0 = Release|iPhoneSimulator
		{62DDAA1F-1981-4A9A-B29F-003F35E8B32E}.Release|iPhoneSimulator.Deploy.0 = Release|iPhoneSimulator
		{1765DEA0-C662-4548-AD78-39ABF550BA90}.Debug|Any CPU.ActiveCfg = Debug|Any CPU
		{1765DEA0-C662-4548-AD78-39ABF550BA90}.Debug|Any CPU.Build.0 = Debug|Any CPU
		{1765DEA0-C662-4548-AD78-39ABF550BA90}.Debug|Any CPU.Deploy.0 = Debug|Any CPU
		{1765DEA0-C662-4548-AD78-39ABF550BA90}.Debug|iPhone.ActiveCfg = Debug|Any CPU
		{1765DEA0-C662-4548-AD78-39ABF550BA90}.Debug|iPhone.Build.0 = Debug|Any CPU
		{1765DEA0-C662-4548-AD78-39ABF550BA90}.Debug|iPhone.Deploy.0 = Debug|Any CPU
		{1765DEA0-C662-4548-AD78-39ABF550BA90}.Debug|iPhoneSimulator.ActiveCfg = Debug|Any CPU
		{1765DEA0-C662-4548-AD78-39ABF550BA90}.Debug|iPhoneSimulator.Build.0 = Debug|Any CPU
		{1765DEA0-C662-4548-AD78-39ABF550BA90}.Debug|iPhoneSimulator.Deploy.0 = Debug|Any CPU
		{1765DEA0-C662-4548-AD78-39ABF550BA90}.Release|Any CPU.ActiveCfg = Release|Any CPU
		{1765DEA0-C662-4548-AD78-39ABF550BA90}.Release|Any CPU.Build.0 = Release|Any CPU
		{1765DEA0-C662-4548-AD78-39ABF550BA90}.Release|Any CPU.Deploy.0 = Release|Any CPU
		{1765DEA0-C662-4548-AD78-39ABF550BA90}.Release|iPhone.ActiveCfg = Release|Any CPU
		{1765DEA0-C662-4548-AD78-39ABF550BA90}.Release|iPhone.Build.0 = Release|Any CPU
		{1765DEA0-C662-4548-AD78-39ABF550BA90}.Release|iPhone.Deploy.0 = Release|Any CPU
		{1765DEA0-C662-4548-AD78-39ABF550BA90}.Release|iPhoneSimulator.ActiveCfg = Release|Any CPU
		{1765DEA0-C662-4548-AD78-39ABF550BA90}.Release|iPhoneSimulator.Build.0 = Release|Any CPU
		{1765DEA0-C662-4548-AD78-39ABF550BA90}.Release|iPhoneSimulator.Deploy.0 = Release|Any CPU
	EndGlobalSection
	GlobalSection(SolutionProperties) = preSolution
		HideSolutionNode = FALSE
	EndGlobalSection
	GlobalSection(ExtensibilityGlobals) = postSolution
		SolutionGuid = {351A343B-6F52-4BAC-BBB9-4684DD59B8A2}
	EndGlobalSection
EndGlobal
